
Microsoft Visual Studio Solution File, Format Version 12.00
# Visual Studio 15
VisualStudioVersion = 15.0.28010.0
MinimumVisualStudioVersion = 10.0.40219.1
Project("{FAE04EC0-301F-11D3-BF4B-00C04F79EFBC}") = "BasicExercises", "BasicExercises\BasicExercises.csproj", "{B43BA8DF-B0DB-4B38-971C-07E20C6CA35F}"
EndProject
Global
	GlobalSection(SolutionConfigurationPlatforms) = preSolution
		Debug|Any CPU = Debug|Any CPU
		Release|Any CPU = Release|Any CPU
	EndGlobalSection
	GlobalSection(ProjectConfigurationPlatforms) = postSolution
		{B43BA8DF-B0DB-4B38-971C-07E20C6CA35F}.Debug|Any CPU.ActiveCfg = Debug|Any CPU
		{B43BA8DF-B0DB-4B38-971C-07E20C6CA35F}.Debug|Any CPU.Build.0 = Debug|Any CPU
		{B43BA8DF-B0DB-4B38-971C-07E20C6CA35F}.Release|Any CPU.ActiveCfg = Release|Any CPU
		{B43BA8DF-B0DB-4B38-971C-07E20C6CA35F}.Release|Any CPU.Build.0 = Release|Any CPU
	EndGlobalSection
	GlobalSection(SolutionProperties) = preSolution
		HideSolutionNode = FALSE
	EndGlobalSection
	GlobalSection(ExtensibilityGlobals) = postSolution
		SolutionGuid = {AE9A543C-DA26-46D8-88AC-1393DA7ED689}
	EndGlobalSection
EndGlobal
